
Microsoft Visual Studio Solution File, Format Version 12.00
# Visual Studio Version 16
VisualStudioVersion = 16.0.30907.101
MinimumVisualStudioVersion = 10.0.40219.1
Project("{9A19103F-16F7-4668-BE54-9A1E7A4F7556}") = "CookieDeletionRepro", "CookieDeletionRepro.csproj", "{3F231F7F-EB32-42AD-A8E9-30A4F91EC6DC}"
EndProject
Global
	GlobalSection(SolutionConfigurationPlatforms) = preSolution
		Debug|Any CPU = Debug|Any CPU
		Release|Any CPU = Release|Any CPU
	EndGlobalSection
	GlobalSection(ProjectConfigurationPlatforms) = postSolution
		{3F231F7F-EB32-42AD-A8E9-30A4F91EC6DC}.Debug|Any CPU.ActiveCfg = Debug|Any CPU
		{3F231F7F-EB32-42AD-A8E9-30A4F91EC6DC}.Debug|Any CPU.Build.0 = Debug|Any CPU
		{3F231F7F-EB32-42AD-A8E9-30A4F91EC6DC}.Release|Any CPU.ActiveCfg = Release|Any CPU
		{3F231F7F-EB32-42AD-A8E9-30A4F91EC6DC}.Release|Any CPU.Build.0 = Release|Any CPU
	EndGlobalSection
	GlobalSection(SolutionProperties) = preSolution
		HideSolutionNode = FALSE
	EndGlobalSection
	GlobalSection(ExtensibilityGlobals) = postSolution
		SolutionGuid = {86B1F781-B427-4F2C-B19D-3E29D2C0FD87}
	EndGlobalSection
EndGlobal
